// !$*UTF8*$!
{
	archiveVersion = 1;
	classes = {
	};
	objectVersion = 56;
	objects = {

/* Begin PBXBuildFile section */
		B22149702D3589AD002809BA /* GoogleService-Info.plist in Resources */ = {isa = PBXBuildFile; fileRef = B221496F2D3589AD002809BA /* GoogleService-Info.plist */; };
		B22149722D359AEB002809BA /* Extensions.swift in Sources */ = {isa = PBXBuildFile; fileRef = B22149712D359AEB002809BA /* Extensions.swift */; };
		B22149752D35A08D002809BA /* FirebaseCore in Frameworks */ = {isa = PBXBuildFile; productRef = B22149742D35A08D002809BA /* FirebaseCore */; };
		B22149772D35A08D002809BA /* FirebaseDatabase in Frameworks */ = {isa = PBXBuildFile; productRef = B22149762D35A08D002809BA /* FirebaseDatabase */; };
		B22149792D35A08D002809BA /* FirebaseFirestore in Frameworks */ = {isa = PBXBuildFile; productRef = B22149782D35A08D002809BA /* FirebaseFirestore */; };
		B221497B2D35A08D002809BA /* FirebaseFirestoreCombine-Community in Frameworks */ = {isa = PBXBuildFile; productRef = B221497A2D35A08D002809BA /* FirebaseFirestoreCombine-Community */; };
		B221497E2D35B50C002809BA /* HomeLoadingStatuseEnum.swift in Sources */ = {isa = PBXBuildFile; fileRef = B221497D2D35B50C002809BA /* HomeLoadingStatuseEnum.swift */; };
		B2887D0B2D353E76008F3F07 /* AppDelegate.swift in Sources */ = {isa = PBXBuildFile; fileRef = B2887D0A2D353E76008F3F07 /* AppDelegate.swift */; };
		B2887D0D2D353E76008F3F07 /* SceneDelegate.swift in Sources */ = {isa = PBXBuildFile; fileRef = B2887D0C2D353E76008F3F07 /* SceneDelegate.swift */; };
		B2887D0F2D353E76008F3F07 /* AddHabitVC.swift in Sources */ = {isa = PBXBuildFile; fileRef = B2887D0E2D353E76008F3F07 /* AddHabitVC.swift */; };
		B2887D122D353E76008F3F07 /* Base in Resources */ = {isa = PBXBuildFile; fileRef = B2887D112D353E76008F3F07 /* Base */; };
		B2887D142D353E78008F3F07 /* Assets.xcassets in Resources */ = {isa = PBXBuildFile; fileRef = B2887D132D353E78008F3F07 /* Assets.xcassets */; };
		B2887D172D353E78008F3F07 /* Base in Resources */ = {isa = PBXBuildFile; fileRef = B2887D162D353E78008F3F07 /* Base */; };
		B2887D272D354289008F3F07 /* AddHabitViewModel.swift in Sources */ = {isa = PBXBuildFile; fileRef = B2887D262D354289008F3F07 /* AddHabitViewModel.swift */; };
		B2887D2A2D354335008F3F07 /* AddHabitStateEnum.swift in Sources */ = {isa = PBXBuildFile; fileRef = B2887D292D354335008F3F07 /* AddHabitStateEnum.swift */; };
		B2887D2E2D355109008F3F07 /* Helper.swift in Sources */ = {isa = PBXBuildFile; fileRef = B2887D2D2D355109008F3F07 /* Helper.swift */; };
		B2887D342D3553CA008F3F07 /* HomeStoryboard.storyboard in Resources */ = {isa = PBXBuildFile; fileRef = B2887D332D3553CA008F3F07 /* HomeStoryboard.storyboard */; };
		B2887D362D355459008F3F07 /* HomeVC.swift in Sources */ = {isa = PBXBuildFile; fileRef = B2887D352D355459008F3F07 /* HomeVC.swift */; };
		B2887D382D355484008F3F07 /* HomeViewModel.swift in Sources */ = {isa = PBXBuildFile; fileRef = B2887D372D355484008F3F07 /* HomeViewModel.swift */; };
		B2887D3C2D3556C8008F3F07 /* HabitTableViewCell.swift in Sources */ = {isa = PBXBuildFile; fileRef = B2887D3A2D3556C8008F3F07 /* HabitTableViewCell.swift */; };
		B2887D3D2D3556C8008F3F07 /* HabitTableViewCell.xib in Resources */ = {isa = PBXBuildFile; fileRef = B2887D3B2D3556C8008F3F07 /* HabitTableViewCell.xib */; };
		B2887D402D355C0B008F3F07 /* Habits.swift in Sources */ = {isa = PBXBuildFile; fileRef = B2887D3F2D355C0A008F3F07 /* Habits.swift */; };
/* End PBXBuildFile section */

/* Begin PBXFileReference section */
		B221496F2D3589AD002809BA /* GoogleService-Info.plist */ = {isa = PBXFileReference; fileEncoding = 4; lastKnownFileType = text.plist.xml; path = "GoogleService-Info.plist"; sourceTree = "<group>"; };
		B22149712D359AEB002809BA /* Extensions.swift */ = {isa = PBXFileReference; lastKnownFileType = sourcecode.swift; path = Extensions.swift; sourceTree = "<group>"; };
		B221497D2D35B50C002809BA /* HomeLoadingStatuseEnum.swift */ = {isa = PBXFileReference; lastKnownFileType = sourcecode.swift; path = HomeLoadingStatuseEnum.swift; sourceTree = "<group>"; };
		B2887D072D353E76008F3F07 /* Habit Tracking.app */ = {isa = PBXFileReference; explicitFileType = wrapper.application; includeInIndex = 0; path = "Habit Tracking.app"; sourceTree = BUILT_PRODUCTS_DIR; };
		B2887D0A2D353E76008F3F07 /* AppDelegate.swift */ = {isa = PBXFileReference; lastKnownFileType = sourcecode.swift; path = AppDelegate.swift; sourceTree = "<group>"; };
		B2887D0C2D353E76008F3F07 /* SceneDelegate.swift */ = {isa = PBXFileReference; lastKnownFileType = sourcecode.swift; path = SceneDelegate.swift; sourceTree = "<group>"; };
		B2887D0E2D353E76008F3F07 /* AddHabitVC.swift */ = {isa = PBXFileReference; lastKnownFileType = sourcecode.swift; path = AddHabitVC.swift; sourceTree = "<group>"; };
		B2887D112D353E76008F3F07 /* Base */ = {isa = PBXFileReference; lastKnownFileType = file.storyboard; name = Base; path = Base.lproj/AddHabitStoryboard.storyboard; sourceTree = "<group>"; };
		B2887D132D353E78008F3F07 /* Assets.xcassets */ = {isa = PBXFileReference; lastKnownFileType = folder.assetcatalog; path = Assets.xcassets; sourceTree = "<group>"; };
		B2887D162D353E78008F3F07 /* Base */ = {isa = PBXFileReference; lastKnownFileType = file.storyboard; name = Base; path = Base.lproj/LaunchScreen.storyboard; sourceTree = "<group>"; };
		B2887D182D353E78008F3F07 /* Info.plist */ = {isa = PBXFileReference; lastKnownFileType = text.plist.xml; path = Info.plist; sourceTree = "<group>"; };
		B2887D262D354289008F3F07 /* AddHabitViewModel.swift */ = {isa = PBXFileReference; lastKnownFileType = sourcecode.swift; path = AddHabitViewModel.swift; sourceTree = "<group>"; };
		B2887D292D354335008F3F07 /* AddHabitStateEnum.swift */ = {isa = PBXFileReference; lastKnownFileType = sourcecode.swift; path = AddHabitStateEnum.swift; sourceTree = "<group>"; };
		B2887D2D2D355109008F3F07 /* Helper.swift */ = {isa = PBXFileReference; lastKnownFileType = sourcecode.swift; path = Helper.swift; sourceTree = "<group>"; };
		B2887D332D3553CA008F3F07 /* HomeStoryboard.storyboard */ = {isa = PBXFileReference; lastKnownFileType = file.storyboard; path = HomeStoryboard.storyboard; sourceTree = "<group>"; };
		B2887D352D355459008F3F07 /* HomeVC.swift */ = {isa = PBXFileReference; lastKnownFileType = sourcecode.swift; path = HomeVC.swift; sourceTree = "<group>"; };
		B2887D372D355484008F3F07 /* HomeViewModel.swift */ = {isa = PBXFileReference; lastKnownFileType = sourcecode.swift; path = HomeViewModel.swift; sourceTree = "<group>"; };
		B2887D3A2D3556C8008F3F07 /* HabitTableViewCell.swift */ = {isa = PBXFileReference; lastKnownFileType = sourcecode.swift; path = HabitTableViewCell.swift; sourceTree = "<group>"; };
		B2887D3B2D3556C8008F3F07 /* HabitTableViewCell.xib */ = {isa = PBXFileReference; lastKnownFileType = file.xib; path = HabitTableViewCell.xib; sourceTree = "<group>"; };
		B2887D3F2D355C0A008F3F07 /* Habits.swift */ = {isa = PBXFileReference; lastKnownFileType = sourcecode.swift; path = Habits.swift; sourceTree = "<group>"; };
/* End PBXFileReference section */

/* Begin PBXFrameworksBuildPhase section */
		B2887D042D353E76008F3F07 /* Frameworks */ = {
			isa = PBXFrameworksBuildPhase;
			buildActionMask = 2147483647;
			files = (
				B22149772D35A08D002809BA /* FirebaseDatabase in Frameworks */,
				B221497B2D35A08D002809BA /* FirebaseFirestoreCombine-Community in Frameworks */,
				B22149752D35A08D002809BA /* FirebaseCore in Frameworks */,
				B22149792D35A08D002809BA /* FirebaseFirestore in Frameworks */,
			);
			runOnlyForDeploymentPostprocessing = 0;
		};
/* End PBXFrameworksBuildPhase section */

/* Begin PBXGroup section */
		B221497C2D35B4EE002809BA /* enums */ = {
			isa = PBXGroup;
			children = (
				B221497D2D35B50C002809BA /* HomeLoadingStatuseEnum.swift */,
			);
			path = enums;
			sourceTree = "<group>";
		};
		B2887CFE2D353E75008F3F07 = {
			isa = PBXGroup;
			children = (
				B2887D092D353E76008F3F07 /* Habit Tracking */,
				B2887D082D353E76008F3F07 /* Products */,
			);
			sourceTree = "<group>";
		};
		B2887D082D353E76008F3F07 /* Products */ = {
			isa = PBXGroup;
			children = (
				B2887D072D353E76008F3F07 /* Habit Tracking.app */,
			);
			name = Products;
			sourceTree = "<group>";
		};
		B2887D092D353E76008F3F07 /* Habit Tracking */ = {
			isa = PBXGroup;
			children = (
				B2887D2C2D355045008F3F07 /* Core */,
				B2887D1F2D353FD6008F3F07 /* Modules */,
				B2887D132D353E78008F3F07 /* Assets.xcassets */,
				B2887D152D353E78008F3F07 /* LaunchScreen.storyboard */,
				B221496F2D3589AD002809BA /* GoogleService-Info.plist */,
				B2887D182D353E78008F3F07 /* Info.plist */,
			);
			path = "Habit Tracking";
			sourceTree = "<group>";
		};
		B2887D1E2D353E92008F3F07 /* AddHabit */ = {
			isa = PBXGroup;
			children = (
				B2887D222D3541DF008F3F07 /* ViewModels */,
				B2887D212D3541D7008F3F07 /* Views */,
			);
			path = AddHabit;
			sourceTree = "<group>";
		};
		B2887D1F2D353FD6008F3F07 /* Modules */ = {
			isa = PBXGroup;
			children = (
				B2887D202D3540B5008F3F07 /* Home */,
				B2887D1E2D353E92008F3F07 /* AddHabit */,
			);
			path = Modules;
			sourceTree = "<group>";
		};
		B2887D202D3540B5008F3F07 /* Home */ = {
			isa = PBXGroup;
			children = (
				B2887D3E2D355BFB008F3F07 /* Models */,
				B2887D302D355361008F3F07 /* Views */,
				B2887D2F2D355262008F3F07 /* ViewModels */,
			);
			path = Home;
			sourceTree = "<group>";
		};
		B2887D212D3541D7008F3F07 /* Views */ = {
			isa = PBXGroup;
			children = (
				B2887D282D3542A5008F3F07 /* Enums */,
				B2887D242D354209008F3F07 /* Storyboards */,
				B2887D232D3541FD008F3F07 /* Controllers */,
			);
			path = Views;
			sourceTree = "<group>";
		};
		B2887D222D3541DF008F3F07 /* ViewModels */ = {
			isa = PBXGroup;
			children = (
				B2887D262D354289008F3F07 /* AddHabitViewModel.swift */,
			);
			path = ViewModels;
			sourceTree = "<group>";
		};
		B2887D232D3541FD008F3F07 /* Controllers */ = {
			isa = PBXGroup;
			children = (
				B2887D0E2D353E76008F3F07 /* AddHabitVC.swift */,
			);
			path = Controllers;
			sourceTree = "<group>";
		};
		B2887D242D354209008F3F07 /* Storyboards */ = {
			isa = PBXGroup;
			children = (
				B2887D102D353E76008F3F07 /* AddHabitStoryboard.storyboard */,
			);
			path = Storyboards;
			sourceTree = "<group>";
		};
		B2887D282D3542A5008F3F07 /* Enums */ = {
			isa = PBXGroup;
			children = (
				B2887D292D354335008F3F07 /* AddHabitStateEnum.swift */,
			);
			path = Enums;
			sourceTree = "<group>";
		};
		B2887D2C2D355045008F3F07 /* Core */ = {
			isa = PBXGroup;
			children = (
				B2887D0A2D353E76008F3F07 /* AppDelegate.swift */,
				B2887D0C2D353E76008F3F07 /* SceneDelegate.swift */,
				B2887D2D2D355109008F3F07 /* Helper.swift */,
				B22149712D359AEB002809BA /* Extensions.swift */,
			);
			path = Core;
			sourceTree = "<group>";
		};
		B2887D2F2D355262008F3F07 /* ViewModels */ = {
			isa = PBXGroup;
			children = (
				B2887D372D355484008F3F07 /* HomeViewModel.swift */,
			);
			path = ViewModels;
			sourceTree = "<group>";
		};
		B2887D302D355361008F3F07 /* Views */ = {
			isa = PBXGroup;
			children = (
				B221497C2D35B4EE002809BA /* enums */,
				B2887D392D35557C008F3F07 /* Cells */,
				B2887D322D355373008F3F07 /* Controllers */,
				B2887D312D35536A008F3F07 /* Storyboards */,
			);
			path = Views;
			sourceTree = "<group>";
		};
		B2887D312D35536A008F3F07 /* Storyboards */ = {
			isa = PBXGroup;
			children = (
				B2887D332D3553CA008F3F07 /* HomeStoryboard.storyboard */,
			);
			path = Storyboards;
			sourceTree = "<group>";
		};
		B2887D322D355373008F3F07 /* Controllers */ = {
			isa = PBXGroup;
			children = (
				B2887D352D355459008F3F07 /* HomeVC.swift */,
			);
			path = Controllers;
			sourceTree = "<group>";
		};
		B2887D392D35557C008F3F07 /* Cells */ = {
			isa = PBXGroup;
			children = (
				B2887D3A2D3556C8008F3F07 /* HabitTableViewCell.swift */,
				B2887D3B2D3556C8008F3F07 /* HabitTableViewCell.xib */,
			);
			path = Cells;
			sourceTree = "<group>";
		};
		B2887D3E2D355BFB008F3F07 /* Models */ = {
			isa = PBXGroup;
			children = (
				B2887D3F2D355C0A008F3F07 /* Habits.swift */,
			);
			path = Models;
			sourceTree = "<group>";
		};
/* End PBXGroup section */

/* Begin PBXNativeTarget section */
		B2887D062D353E76008F3F07 /* Habit Tracking */ = {
			isa = PBXNativeTarget;
			buildConfigurationList = B2887D1B2D353E78008F3F07 /* Build configuration list for PBXNativeTarget "Habit Tracking" */;
			buildPhases = (
				B2887D032D353E76008F3F07 /* Sources */,
				B2887D042D353E76008F3F07 /* Frameworks */,
				B2887D052D353E76008F3F07 /* Resources */,
			);
			buildRules = (
			);
			dependencies = (
			);
			name = "Habit Tracking";
			packageProductDependencies = (
				B22149742D35A08D002809BA /* FirebaseCore */,
				B22149762D35A08D002809BA /* FirebaseDatabase */,
				B22149782D35A08D002809BA /* FirebaseFirestore */,
				B221497A2D35A08D002809BA /* FirebaseFirestoreCombine-Community */,
			);
			productName = "Habit Tracking";
			productReference = B2887D072D353E76008F3F07 /* Habit Tracking.app */;
			productType = "com.apple.product-type.application";
		};
/* End PBXNativeTarget section */

/* Begin PBXProject section */
		B2887CFF2D353E75008F3F07 /* Project object */ = {
			isa = PBXProject;
			attributes = {
				BuildIndependentTargetsInParallel = 1;
				LastSwiftUpdateCheck = 1540;
				LastUpgradeCheck = 1540;
				TargetAttributes = {
					B2887D062D353E76008F3F07 = {
						CreatedOnToolsVersion = 15.4;
					};
				};
			};
			buildConfigurationList = B2887D022D353E75008F3F07 /* Build configuration list for PBXProject "Habit Tracking" */;
			compatibilityVersion = "Xcode 14.0";
			developmentRegion = en;
			hasScannedForEncodings = 0;
			knownRegions = (
				en,
				Base,
			);
			mainGroup = B2887CFE2D353E75008F3F07;
			packageReferences = (
				B22149732D35A08D002809BA /* XCRemoteSwiftPackageReference "firebase-ios-sdk" */,
			);
			productRefGroup = B2887D082D353E76008F3F07 /* Products */;
			projectDirPath = "";
			projectRoot = "";
			targets = (
				B2887D062D353E76008F3F07 /* Habit Tracking */,
			);
		};
/* End PBXProject section */

/* Begin PBXResourcesBuildPhase section */
		B2887D052D353E76008F3F07 /* Resources */ = {
			isa = PBXResourcesBuildPhase;
			buildActionMask = 2147483647;
			files = (
				B2887D142D353E78008F3F07 /* Assets.xcassets in Resources */,
				B22149702D3589AD002809BA /* GoogleService-Info.plist in Resources */,
				B2887D172D353E78008F3F07 /* Base in Resources */,
				B2887D342D3553CA008F3F07 /* HomeStoryboard.storyboard in Resources */,
				B2887D3D2D3556C8008F3F07 /* HabitTableViewCell.xib in Resources */,
				B2887D122D353E76008F3F07 /* Base in Resources */,
			);
			runOnlyForDeploymentPostprocessing = 0;
		};
/* End PBXResourcesBuildPhase section */

/* Begin PBXSourcesBuildPhase section */
		B2887D032D353E76008F3F07 /* Sources */ = {
			isa = PBXSourcesBuildPhase;
			buildActionMask = 2147483647;
			files = (
				B2887D0F2D353E76008F3F07 /* AddHabitVC.swift in Sources */,
				B2887D362D355459008F3F07 /* HomeVC.swift in Sources */,
				B2887D0B2D353E76008F3F07 /* AppDelegate.swift in Sources */,
				B2887D382D355484008F3F07 /* HomeViewModel.swift in Sources */,
				B2887D3C2D3556C8008F3F07 /* HabitTableViewCell.swift in Sources */,
				B2887D0D2D353E76008F3F07 /* SceneDelegate.swift in Sources */,
				B2887D402D355C0B008F3F07 /* Habits.swift in Sources */,
				B2887D272D354289008F3F07 /* AddHabitViewModel.swift in Sources */,
				B221497E2D35B50C002809BA /* HomeLoadingStatuseEnum.swift in Sources */,
				B2887D2A2D354335008F3F07 /* AddHabitStateEnum.swift in Sources */,
				B2887D2E2D355109008F3F07 /* Helper.swift in Sources */,
				B22149722D359AEB002809BA /* Extensions.swift in Sources */,
			);
			runOnlyForDeploymentPostprocessing = 0;
		};
/* End PBXSourcesBuildPhase section */

/* Begin PBXVariantGroup section */
		B2887D102D353E76008F3F07 /* AddHabitStoryboard.storyboard */ = {
			isa = PBXVariantGroup;
			children = (
				B2887D112D353E76008F3F07 /* Base */,
			);
			name = AddHabitStoryboard.storyboard;
			sourceTree = "<group>";
		};
		B2887D152D353E78008F3F07 /* LaunchScreen.storyboard */ = {
			isa = PBXVariantGroup;
			children = (
				B2887D162D353E78008F3F07 /* Base */,
			);
			name = LaunchScreen.storyboard;
			sourceTree = "<group>";
		};
/* End PBXVariantGroup section */

/* Begin XCBuildConfiguration section */
		B2887D192D353E78008F3F07 /* Debug */ = {
			isa = XCBuildConfiguration;
			buildSettings = {
				ALWAYS_SEARCH_USER_PATHS = NO;
				ASSETCATALOG_COMPILER_GENERATE_SWIFT_ASSET_SYMBOL_EXTENSIONS = YES;
				CLANG_ANALYZER_NONNULL = YES;
				CLANG_ANALYZER_NUMBER_OBJECT_CONVERSION = YES_AGGRESSIVE;
				CLANG_CXX_LANGUAGE_STANDARD = "gnu++20";
				CLANG_ENABLE_MODULES = YES;
				CLANG_ENABLE_OBJC_ARC = YES;
				CLANG_ENABLE_OBJC_WEAK = YES;
				CLANG_WARN_BLOCK_CAPTURE_AUTORELEASING = YES;
				CLANG_WARN_BOOL_CONVERSION = YES;
				CLANG_WARN_COMMA = YES;
				CLANG_WARN_CONSTANT_CONVERSION = YES;
				CLANG_WARN_DEPRECATED_OBJC_IMPLEMENTATIONS = YES;
				CLANG_WARN_DIRECT_OBJC_ISA_USAGE = YES_ERROR;
				CLANG_WARN_DOCUMENTATION_COMMENTS = YES;
				CLANG_WARN_EMPTY_BODY = YES;
				CLANG_WARN_ENUM_CONVERSION = YES;
				CLANG_WARN_INFINITE_RECURSION = YES;
				CLANG_WARN_INT_CONVERSION = YES;
				CLANG_WARN_NON_LITERAL_NULL_CONVERSION = YES;
				CLANG_WARN_OBJC_IMPLICIT_RETAIN_SELF = YES;
				CLANG_WARN_OBJC_LITERAL_CONVERSION = YES;
				CLANG_WARN_OBJC_ROOT_CLASS = YES_ERROR;
				CLANG_WARN_QUOTED_INCLUDE_IN_FRAMEWORK_HEADER = YES;
				CLANG_WARN_RANGE_LOOP_ANALYSIS = YES;
				CLANG_WARN_STRICT_PROTOTYPES = YES;
				CLANG_WARN_SUSPICIOUS_MOVE = YES;
				CLANG_WARN_UNGUARDED_AVAILABILITY = YES_AGGRESSIVE;
				CLANG_WARN_UNREACHABLE_CODE = YES;
				CLANG_WARN__DUPLICATE_METHOD_MATCH = YES;
				COPY_PHASE_STRIP = NO;
				DEBUG_INFORMATION_FORMAT = dwarf;
				ENABLE_STRICT_OBJC_MSGSEND = YES;
				ENABLE_TESTABILITY = YES;
				ENABLE_USER_SCRIPT_SANDBOXING = YES;
				GCC_C_LANGUAGE_STANDARD = gnu17;
				GCC_DYNAMIC_NO_PIC = NO;
				GCC_NO_COMMON_BLOCKS = YES;
				GCC_OPTIMIZATION_LEVEL = 0;
				GCC_PREPROCESSOR_DEFINITIONS = (
					"DEBUG=1",
					"$(inherited)",
				);
				GCC_WARN_64_TO_32_BIT_CONVERSION = YES;
				GCC_WARN_ABOUT_RETURN_TYPE = YES_ERROR;
				GCC_WARN_UNDECLARED_SELECTOR = YES;
				GCC_WARN_UNINITIALIZED_AUTOS = YES_AGGRESSIVE;
				GCC_WARN_UNUSED_FUNCTION = YES;
				GCC_WARN_UNUSED_VARIABLE = YES;
				IPHONEOS_DEPLOYMENT_TARGET = 17.5;
				LOCALIZATION_PREFERS_STRING_CATALOGS = YES;
				MTL_ENABLE_DEBUG_INFO = INCLUDE_SOURCE;
				MTL_FAST_MATH = YES;
				ONLY_ACTIVE_ARCH = YES;
				SDKROOT = iphoneos;
				SWIFT_ACTIVE_COMPILATION_CONDITIONS = "DEBUG $(inherited)";
				SWIFT_OPTIMIZATION_LEVEL = "-Onone";
			};
			name = Debug;
		};
		B2887D1A2D353E78008F3F07 /* Release */ = {
			isa = XCBuildConfiguration;
			buildSettings = {
				ALWAYS_SEARCH_USER_PATHS = NO;
				ASSETCATALOG_COMPILER_GENERATE_SWIFT_ASSET_SYMBOL_EXTENSIONS = YES;
				CLANG_ANALYZER_NONNULL = YES;
				CLANG_ANALYZER_NUMBER_OBJECT_CONVERSION = YES_AGGRESSIVE;
				CLANG_CXX_LANGUAGE_STANDARD = "gnu++20";
				CLANG_ENABLE_MODULES = YES;
				CLANG_ENABLE_OBJC_ARC = YES;
				CLANG_ENABLE_OBJC_WEAK = YES;
				CLANG_WARN_BLOCK_CAPTURE_AUTORELEASING = YES;
				CLANG_WARN_BOOL_CONVERSION = YES;
				CLANG_WARN_COMMA = YES;
				CLANG_WARN_CONSTANT_CONVERSION = YES;
				CLANG_WARN_DEPRECATED_OBJC_IMPLEMENTATIONS = YES;
				CLANG_WARN_DIRECT_OBJC_ISA_USAGE = YES_ERROR;
				CLANG_WARN_DOCUMENTATION_COMMENTS = YES;
				CLANG_WARN_EMPTY_BODY = YES;
				CLANG_WARN_ENUM_CONVERSION = YES;
				CLANG_WARN_INFINITE_RECURSION = YES;
				CLANG_WARN_INT_CONVERSION = YES;
				CLANG_WARN_NON_LITERAL_NULL_CONVERSION = YES;
				CLANG_WARN_OBJC_IMPLICIT_RETAIN_SELF = YES;
				CLANG_WARN_OBJC_LITERAL_CONVERSION = YES;
				CLANG_WARN_OBJC_ROOT_CLASS = YES_ERROR;
				CLANG_WARN_QUOTED_INCLUDE_IN_FRAMEWORK_HEADER = YES;
				CLANG_WARN_RANGE_LOOP_ANALYSIS = YES;
				CLANG_WARN_STRICT_PROTOTYPES = YES;
				CLANG_WARN_SUSPICIOUS_MOVE = YES;
				CLANG_WARN_UNGUARDED_AVAILABILITY = YES_AGGRESSIVE;
				CLANG_WARN_UNREACHABLE_CODE = YES;
				CLANG_WARN__DUPLICATE_METHOD_MATCH = YES;
				COPY_PHASE_STRIP = NO;
				DEBUG_INFORMATION_FORMAT = "dwarf-with-dsym";
				ENABLE_NS_ASSERTIONS = NO;
				ENABLE_STRICT_OBJC_MSGSEND = YES;
				ENABLE_USER_SCRIPT_SANDBOXING = YES;
				GCC_C_LANGUAGE_STANDARD = gnu17;
				GCC_NO_COMMON_BLOCKS = YES;
				GCC_WARN_64_TO_32_BIT_CONVERSION = YES;
				GCC_WARN_ABOUT_RETURN_TYPE = YES_ERROR;
				GCC_WARN_UNDECLARED_SELECTOR = YES;
				GCC_WARN_UNINITIALIZED_AUTOS = YES_AGGRESSIVE;
				GCC_WARN_UNUSED_FUNCTION = YES;
				GCC_WARN_UNUSED_VARIABLE = YES;
				IPHONEOS_DEPLOYMENT_TARGET = 17.5;
				LOCALIZATION_PREFERS_STRING_CATALOGS = YES;
				MTL_ENABLE_DEBUG_INFO = NO;
				MTL_FAST_MATH = YES;
				SDKROOT = iphoneos;
				SWIFT_COMPILATION_MODE = wholemodule;
				VALIDATE_PRODUCT = YES;
			};
			name = Release;
		};
		B2887D1C2D353E78008F3F07 /* Debug */ = {
			isa = XCBuildConfiguration;
			buildSettings = {
				ASSETCATALOG_COMPILER_APPICON_NAME = AppIcon;
				ASSETCATALOG_COMPILER_GLOBAL_ACCENT_COLOR_NAME = AccentColor;
				CODE_SIGN_STYLE = Automatic;
				CURRENT_PROJECT_VERSION = 1;
				DEVELOPMENT_TEAM = WL75LZVNWR;
				GENERATE_INFOPLIST_FILE = YES;
				INFOPLIST_FILE = "Habit Tracking/Info.plist";
				INFOPLIST_KEY_LSApplicationCategoryType = "public.app-category.lifestyle";
				INFOPLIST_KEY_UIApplicationSupportsIndirectInputEvents = YES;
				INFOPLIST_KEY_UILaunchStoryboardName = LaunchScreen.storyboard;
				INFOPLIST_KEY_UIMainStoryboardFile = HomeStoryboard;
				INFOPLIST_KEY_UISupportedInterfaceOrientations_iPad = "UIInterfaceOrientationPortrait UIInterfaceOrientationPortraitUpsideDown UIInterfaceOrientationLandscapeLeft UIInterfaceOrientationLandscapeRight";
				INFOPLIST_KEY_UISupportedInterfaceOrientations_iPhone = "UIInterfaceOrientationPortrait UIInterfaceOrientationLandscapeLeft UIInterfaceOrientationLandscapeRight";
				IPHONEOS_DEPLOYMENT_TARGET = 16.0;
				LD_RUNPATH_SEARCH_PATHS = (
					"$(inherited)",
					"@executable_path/Frameworks",
				);
				MARKETING_VERSION = 1.0;
				PRODUCT_BUNDLE_IDENTIFIER = "com.Abdallah.Habit-Tracking";
				PRODUCT_NAME = "$(TARGET_NAME)";
				SWIFT_EMIT_LOC_STRINGS = YES;
				SWIFT_VERSION = 5.0;
				TARGETED_DEVICE_FAMILY = "1,2";
			};
			name = Debug;
		};
		B2887D1D2D353E78008F3F07 /* Release */ = {
			isa = XCBuildConfiguration;
			buildSettings = {
				ASSETCATALOG_COMPILER_APPICON_NAME = AppIcon;
				ASSETCATALOG_COMPILER_GLOBAL_ACCENT_COLOR_NAME = AccentColor;
				CODE_SIGN_STYLE = Automatic;
				CURRENT_PROJECT_VERSION = 1;
				DEVELOPMENT_TEAM = WL75LZVNWR;
				GENERATE_INFOPLIST_FILE = YES;
				INFOPLIST_FILE = "Habit Tracking/Info.plist";
				INFOPLIST_KEY_LSApplicationCategoryType = "public.app-category.lifestyle";
				INFOPLIST_KEY_UIApplicationSupportsIndirectInputEvents = YES;
				INFOPLIST_KEY_UILaunchStoryboardName = LaunchScreen.storyboard;
				INFOPLIST_KEY_UIMainStoryboardFile = HomeStoryboard;
				INFOPLIST_KEY_UISupportedInterfaceOrientations_iPad = "UIInterfaceOrientationPortrait UIInterfaceOrientationPortraitUpsideDown UIInterfaceOrientationLandscapeLeft UIInterfaceOrientationLandscapeRight";
				INFOPLIST_KEY_UISupportedInterfaceOrientations_iPhone = "UIInterfaceOrientationPortrait UIInterfaceOrientationLandscapeLeft UIInterfaceOrientationLandscapeRight";
				IPHONEOS_DEPLOYMENT_TARGET = 16.0;
				LD_RUNPATH_SEARCH_PATHS = (
					"$(inherited)",
					"@executable_path/Frameworks",
				);
				MARKETING_VERSION = 1.0;
				PRODUCT_BUNDLE_IDENTIFIER = "com.Abdallah.Habit-Tracking";
				PRODUCT_NAME = "$(TARGET_NAME)";
				SWIFT_EMIT_LOC_STRINGS = YES;
				SWIFT_VERSION = 5.0;
				TARGETED_DEVICE_FAMILY = "1,2";
			};
			name = Release;
		};
/* End XCBuildConfiguration section */

/* Begin XCConfigurationList section */
		B2887D022D353E75008F3F07 /* Build configuration list for PBXProject "Habit Tracking" */ = {
			isa = XCConfigurationList;
			buildConfigurations = (
				B2887D192D353E78008F3F07 /* Debug */,
				B2887D1A2D353E78008F3F07 /* Release */,
			);
			defaultConfigurationIsVisible = 0;
			defaultConfigurationName = Release;
		};
		B2887D1B2D353E78008F3F07 /* Build configuration list for PBXNativeTarget "Habit Tracking" */ = {
			isa = XCConfigurationList;
			buildConfigurations = (
				B2887D1C2D353E78008F3F07 /* Debug */,
				B2887D1D2D353E78008F3F07 /* Release */,
			);
			defaultConfigurationIsVisible = 0;
			defaultConfigurationName = Release;
		};
/* End XCConfigurationList section */

/* Begin XCRemoteSwiftPackageReference section */
		B22149732D35A08D002809BA /* XCRemoteSwiftPackageReference "firebase-ios-sdk" */ = {
			isa = XCRemoteSwiftPackageReference;
			repositoryURL = "https://github.com/firebase/firebase-ios-sdk.git";
			requirement = {
				kind = upToNextMajorVersion;
				minimumVersion = 11.7.0;
			};
		};
/* End XCRemoteSwiftPackageReference section */

/* Begin XCSwiftPackageProductDependency section */
		B22149742D35A08D002809BA /* FirebaseCore */ = {
			isa = XCSwiftPackageProductDependency;
			package = B22149732D35A08D002809BA /* XCRemoteSwiftPackageReference "firebase-ios-sdk" */;
			productName = FirebaseCore;
		};
		B22149762D35A08D002809BA /* FirebaseDatabase */ = {
			isa = XCSwiftPackageProductDependency;
			package = B22149732D35A08D002809BA /* XCRemoteSwiftPackageReference "firebase-ios-sdk" */;
			productName = FirebaseDatabase;
		};
		B22149782D35A08D002809BA /* FirebaseFirestore */ = {
			isa = XCSwiftPackageProductDependency;
			package = B22149732D35A08D002809BA /* XCRemoteSwiftPackageReference "firebase-ios-sdk" */;
			productName = FirebaseFirestore;
		};
		B221497A2D35A08D002809BA /* FirebaseFirestoreCombine-Community */ = {
			isa = XCSwiftPackageProductDependency;
			package = B22149732D35A08D002809BA /* XCRemoteSwiftPackageReference "firebase-ios-sdk" */;
			productName = "FirebaseFirestoreCombine-Community";
		};
/* End XCSwiftPackageProductDependency section */
	};
	rootObject = B2887CFF2D353E75008F3F07 /* Project object */;
}
